# This file was autogenerated by Stack.
# You should not edit this file by hand.
# For more information, please see the documentation at:
#   https://docs.haskellstack.org/en/stable/lock_files

packages:
- completed:
    name: spdx-document
    version: 0.1.0.0
    git: https://github.com/maxhbr/spdx-document-hs
    pantry-tree:
      size: 6317
      sha256: 3fb8ba449b754485df0ff5c4fa14f58f1ecff730574d6d696d5a977738cac705
    commit: da3496dceedb36c615d3e02a5836c15811b02d35
  original:
    git: https://github.com/maxhbr/spdx-document-hs
    commit: da3496dceedb36c615d3e02a5836c15811b02d35
snapshots:
- completed:
    size: 587126
    url: https://raw.githubusercontent.com/commercialhaskell/stackage-snapshots/master/lts/18/8.yaml
    sha256: 93a107557e8691ed5ca17beaee41e68222b142c48868fc8c04a4181fb233477d
  original:
    url: https://raw.githubusercontent.com/commercialhaskell/stackage-snapshots/master/lts/18/8.yaml
