# This file was autogenerated by Stack.
# You should not edit this file by hand.
# For more information, please see the documentation at:
#   https://docs.haskellstack.org/en/stable/lock_files

packages:
- completed:
    name: spdx-document
    version: 0.1.0.0
    git: https://github.com/maxhbr/spdx-document-hs
    pantry-tree:
      size: 6317
      sha256: f23df7b5f7786339a9b7281f58b2d721d0de871c490248100b58cd12800776ae
    commit: 10341381c7f991440b6c9db8f3904429700b8610
  original:
    git: https://github.com/maxhbr/spdx-document-hs
    commit: 10341381c7f991440b6c9db8f3904429700b8610
- completed:
    name: packageurl
    version: 0.1.0.0
    git: https://github.com/maxhbr/packageurl-hs
    pantry-tree:
      size: 570
      sha256: 0d63d0900e0b3997b5b3d78b4236bc322c343b543605d208baf6998d1e38c95a
    commit: 46934ff557cf21ec8bcc66c02b1683426fcdb1ff
  original:
    git: https://github.com/maxhbr/packageurl-hs
    commit: 46934ff557cf21ec8bcc66c02b1683426fcdb1ff
- completed:
    hackage: spdx-1.0.0.2@sha256:7dfac9b454ff2da0abb7560f0ffbe00ae442dd5cb76e8be469f77e6988a70fed,2008
    pantry-tree:
      size: 569
      sha256: 42983d9d32b1d9a09196543a0062eac3fee7546a308f9b99159cb78f1be0665d
  original:
    hackage: spdx-1.0.0.2@sha256:7dfac9b454ff2da0abb7560f0ffbe00ae442dd5cb76e8be469f77e6988a70fed,2008
snapshots:
- completed:
    size: 587126
    url: https://raw.githubusercontent.com/commercialhaskell/stackage-snapshots/master/lts/18/8.yaml
    sha256: 93a107557e8691ed5ca17beaee41e68222b142c48868fc8c04a4181fb233477d
  original:
    url: https://raw.githubusercontent.com/commercialhaskell/stackage-snapshots/master/lts/18/8.yaml
