# This file was autogenerated by Stack.
# You should not edit this file by hand.
# For more information, please see the documentation at:
#   https://docs.haskellstack.org/en/stable/lock_files

packages:
- completed:
    name: spdx-document
    version: 0.1.0.0
    git: https://github.com/maxhbr/spdx-document-hs
    pantry-tree:
      size: 6317
      sha256: e941f00675b223b111cbcf3761f82d800b1ff112770f8c6c494a247b5f869ce7
    commit: 077c1601637e8236acf7f04b7fa9bdd0c9ec6b0f
  original:
    git: https://github.com/maxhbr/spdx-document-hs
    commit: 077c1601637e8236acf7f04b7fa9bdd0c9ec6b0f
- completed:
    hackage: spdx-1.0.0.2@sha256:7dfac9b454ff2da0abb7560f0ffbe00ae442dd5cb76e8be469f77e6988a70fed,2008
    pantry-tree:
      size: 569
      sha256: 42983d9d32b1d9a09196543a0062eac3fee7546a308f9b99159cb78f1be0665d
  original:
    hackage: spdx-1.0.0.2@sha256:7dfac9b454ff2da0abb7560f0ffbe00ae442dd5cb76e8be469f77e6988a70fed,2008
snapshots:
- completed:
    size: 587126
    url: https://raw.githubusercontent.com/commercialhaskell/stackage-snapshots/master/lts/18/8.yaml
    sha256: 93a107557e8691ed5ca17beaee41e68222b142c48868fc8c04a4181fb233477d
  original:
    url: https://raw.githubusercontent.com/commercialhaskell/stackage-snapshots/master/lts/18/8.yaml
